// !$*UTF8*$!
{
	archiveVersion = 1;
	classes = {
	};
	objectVersion = 56;
	objects = {

/* Begin PBXBuildFile section */
		1952496C2AC606BD003D986A /* TutorialView.swift in Sources */ = {isa = PBXBuildFile; fileRef = 1952496B2AC606BD003D986A /* TutorialView.swift */; };
		1995B7182AC7436200908B4B /* CadastroView.swift in Sources */ = {isa = PBXBuildFile; fileRef = 1995B7172AC7436200908B4B /* CadastroView.swift */; };
		1995B7232ACCA5C500908B4B /* SF-Pro.ttf in Resources */ = {isa = PBXBuildFile; fileRef = 1995B7222ACCA5C500908B4B /* SF-Pro.ttf */; };
		1995B72A2ACCC0D500908B4B /* TagView.swift in Sources */ = {isa = PBXBuildFile; fileRef = 1995B7292ACCC0D400908B4B /* TagView.swift */; };
		1995B72C2ACCC6EE00908B4B /* AcessibilityTagInformationView.swift in Sources */ = {isa = PBXBuildFile; fileRef = 1995B72B2ACCC6EE00908B4B /* AcessibilityTagInformationView.swift */; };
		19F0B5BA2ACF46F80097E283 /* PlainTagStyle.swift in Sources */ = {isa = PBXBuildFile; fileRef = 19F0B5B92ACF46F80097E283 /* PlainTagStyle.swift */; };
		19F0B5BC2AD088E90097E283 /* TagButtonView.swift in Sources */ = {isa = PBXBuildFile; fileRef = 19F0B5BB2AD088E90097E283 /* TagButtonView.swift */; };
		19F0B5BE2AD479B20097E283 /* IndexCircles.swift in Sources */ = {isa = PBXBuildFile; fileRef = 19F0B5BD2AD479B20097E283 /* IndexCircles.swift */; };
		B40309462ACE00EF00014998 /* TagInfoItem.swift in Sources */ = {isa = PBXBuildFile; fileRef = B40309452ACE00EF00014998 /* TagInfoItem.swift */; };
		B4A2A6C62ABA3740002C4115 /* EventView.swift in Sources */ = {isa = PBXBuildFile; fileRef = B4A2A6C52ABA3740002C4115 /* EventView.swift */; };
		B4A2A6C82ABA3748002C4115 /* HomeView.swift in Sources */ = {isa = PBXBuildFile; fileRef = B4A2A6C72ABA3748002C4115 /* HomeView.swift */; };
		B4A2A6CB2ABA3FFF002C4115 /* PostCard.swift in Sources */ = {isa = PBXBuildFile; fileRef = B4A2A6CA2ABA3FFF002C4115 /* PostCard.swift */; };
		B4B8A3B52ACF563F001CFFE0 /* DisclosureGroupImageStyle.swift in Sources */ = {isa = PBXBuildFile; fileRef = B4B8A3B42ACF563F001CFFE0 /* DisclosureGroupImageStyle.swift */; };
		B4B8A3BA2AD471BD001CFFE0 /* AcessibilityTagEnum.swift in Sources */ = {isa = PBXBuildFile; fileRef = B4B8A3B92AD471BD001CFFE0 /* AcessibilityTagEnum.swift */; };
		E92953072AD733D5006D57F6 /* ImagePickSheetView.swift in Sources */ = {isa = PBXBuildFile; fileRef = E92953062AD733D5006D57F6 /* ImagePickSheetView.swift */; };
		E938F5722ACB5C180049874E /* PlainButtonStyle.swift in Sources */ = {isa = PBXBuildFile; fileRef = E938F5712ACB5C180049874E /* PlainButtonStyle.swift */; };
		E938F5742ACB5FB50049874E /* EventCard.swift in Sources */ = {isa = PBXBuildFile; fileRef = E938F5732ACB5FB50049874E /* EventCard.swift */; };
		E938F57A2ACDFF4D0049874E /* ProfileView.swift in Sources */ = {isa = PBXBuildFile; fileRef = E938F5792ACDFF4D0049874E /* ProfileView.swift */; };
		E938F5C12AD470F20049874E /* HomeFeedView.swift in Sources */ = {isa = PBXBuildFile; fileRef = E938F5C02AD470F20049874E /* HomeFeedView.swift */; };
		E938F5C32AD470FD0049874E /* HomePresenceView.swift in Sources */ = {isa = PBXBuildFile; fileRef = E938F5C22AD470FD0049874E /* HomePresenceView.swift */; };
		E938F5CA2AD486DD0049874E /* Profile+CoreDataClass.swift in Sources */ = {isa = PBXBuildFile; fileRef = E938F5C82AD486DD0049874E /* Profile+CoreDataClass.swift */; };
		E938F5CB2AD486DD0049874E /* Profile+CoreDataProperties.swift in Sources */ = {isa = PBXBuildFile; fileRef = E938F5C92AD486DD0049874E /* Profile+CoreDataProperties.swift */; };
		E938F5CD2AD499990049874E /* SegmentedControlView.swift in Sources */ = {isa = PBXBuildFile; fileRef = E938F5CC2AD499990049874E /* SegmentedControlView.swift */; };
		E938F5CF2AD499C50049874E /* UnderlineView.swift in Sources */ = {isa = PBXBuildFile; fileRef = E938F5CE2AD499C50049874E /* UnderlineView.swift */; };
		E938F5D12AD499E40049874E /* ReacPreferenceKey.swift in Sources */ = {isa = PBXBuildFile; fileRef = E938F5D02AD499E40049874E /* ReacPreferenceKey.swift */; };
		E938F5D42AD5CB550049874E /* Aptabase in Frameworks */ = {isa = PBXBuildFile; productRef = E938F5D32AD5CB550049874E /* Aptabase */; };
		E939209F2AC5FC1700E74361 /* CoreDataModel.xcdatamodeld in Sources */ = {isa = PBXBuildFile; fileRef = E939209D2AC5FC1700E74361 /* CoreDataModel.xcdatamodeld */; };
		E93920A12AC5FD2200E74361 /* CoreDataController.swift in Sources */ = {isa = PBXBuildFile; fileRef = E93920A02AC5FD2200E74361 /* CoreDataController.swift */; };
		E94EA1292AC36C4F003D5DB8 /* EventModel.swift in Sources */ = {isa = PBXBuildFile; fileRef = E94EA1282AC36C4F003D5DB8 /* EventModel.swift */; };
		E94EA12B2AC36D0C003D5DB8 /* EventCRU.swift in Sources */ = {isa = PBXBuildFile; fileRef = E94EA12A2AC36D0C003D5DB8 /* EventCRU.swift */; };
		E94EA12D2AC4C126003D5DB8 /* EventPostView.swift in Sources */ = {isa = PBXBuildFile; fileRef = E94EA12C2AC4C126003D5DB8 /* EventPostView.swift */; };
		E9D397242ABA3940002202F0 /* ViewModel.swift in Sources */ = {isa = PBXBuildFile; fileRef = E9D397232ABA3940002202F0 /* ViewModel.swift */; };
		E9E7261D2A9551C800D63EDF /* MiniC02App.swift in Sources */ = {isa = PBXBuildFile; fileRef = E9E7261C2A9551C800D63EDF /* MiniC02App.swift */; };
		E9E7261F2A9551C800D63EDF /* ContentView.swift in Sources */ = {isa = PBXBuildFile; fileRef = E9E7261E2A9551C800D63EDF /* ContentView.swift */; };
		E9E726212A9551C800D63EDF /* Assets.xcassets in Resources */ = {isa = PBXBuildFile; fileRef = E9E726202A9551C800D63EDF /* Assets.xcassets */; };
		E9E726242A9551C800D63EDF /* Preview Assets.xcassets in Resources */ = {isa = PBXBuildFile; fileRef = E9E726232A9551C800D63EDF /* Preview Assets.xcassets */; };
/* End PBXBuildFile section */

/* Begin PBXFileReference section */
		1952496B2AC606BD003D986A /* TutorialView.swift */ = {isa = PBXFileReference; lastKnownFileType = sourcecode.swift; path = TutorialView.swift; sourceTree = "<group>"; };
		1995B7172AC7436200908B4B /* CadastroView.swift */ = {isa = PBXFileReference; lastKnownFileType = sourcecode.swift; path = CadastroView.swift; sourceTree = "<group>"; };
		1995B7222ACCA5C500908B4B /* SF-Pro.ttf */ = {isa = PBXFileReference; lastKnownFileType = file; path = "SF-Pro.ttf"; sourceTree = "<group>"; };
		1995B7262ACCA70200908B4B /* Info.plist */ = {isa = PBXFileReference; lastKnownFileType = text.plist; path = Info.plist; sourceTree = "<group>"; };
		1995B7292ACCC0D400908B4B /* TagView.swift */ = {isa = PBXFileReference; lastKnownFileType = sourcecode.swift; path = TagView.swift; sourceTree = "<group>"; };
		1995B72B2ACCC6EE00908B4B /* AcessibilityTagInformationView.swift */ = {isa = PBXFileReference; lastKnownFileType = sourcecode.swift; path = AcessibilityTagInformationView.swift; sourceTree = "<group>"; };
		19F0B5B92ACF46F80097E283 /* PlainTagStyle.swift */ = {isa = PBXFileReference; lastKnownFileType = sourcecode.swift; path = PlainTagStyle.swift; sourceTree = "<group>"; };
		19F0B5BB2AD088E90097E283 /* TagButtonView.swift */ = {isa = PBXFileReference; lastKnownFileType = sourcecode.swift; path = TagButtonView.swift; sourceTree = "<group>"; };
		19F0B5BD2AD479B20097E283 /* IndexCircles.swift */ = {isa = PBXFileReference; lastKnownFileType = sourcecode.swift; path = IndexCircles.swift; sourceTree = "<group>"; };
		B40309452ACE00EF00014998 /* TagInfoItem.swift */ = {isa = PBXFileReference; lastKnownFileType = sourcecode.swift; path = TagInfoItem.swift; sourceTree = "<group>"; };
		B4A2A6C52ABA3740002C4115 /* EventView.swift */ = {isa = PBXFileReference; lastKnownFileType = sourcecode.swift; path = EventView.swift; sourceTree = "<group>"; };
		B4A2A6C72ABA3748002C4115 /* HomeView.swift */ = {isa = PBXFileReference; lastKnownFileType = sourcecode.swift; path = HomeView.swift; sourceTree = "<group>"; };
		B4A2A6CA2ABA3FFF002C4115 /* PostCard.swift */ = {isa = PBXFileReference; lastKnownFileType = sourcecode.swift; path = PostCard.swift; sourceTree = "<group>"; };
		B4B8A3B42ACF563F001CFFE0 /* DisclosureGroupImageStyle.swift */ = {isa = PBXFileReference; lastKnownFileType = sourcecode.swift; path = DisclosureGroupImageStyle.swift; sourceTree = "<group>"; };
		B4B8A3B92AD471BD001CFFE0 /* AcessibilityTagEnum.swift */ = {isa = PBXFileReference; lastKnownFileType = sourcecode.swift; path = AcessibilityTagEnum.swift; sourceTree = "<group>"; };
		E92953062AD733D5006D57F6 /* ImagePickSheetView.swift */ = {isa = PBXFileReference; lastKnownFileType = sourcecode.swift; path = ImagePickSheetView.swift; sourceTree = "<group>"; };
		E938F5712ACB5C180049874E /* PlainButtonStyle.swift */ = {isa = PBXFileReference; lastKnownFileType = sourcecode.swift; name = PlainButtonStyle.swift; path = ../Components/PlainButtonStyle.swift; sourceTree = "<group>"; };
		E938F5732ACB5FB50049874E /* EventCard.swift */ = {isa = PBXFileReference; lastKnownFileType = sourcecode.swift; path = EventCard.swift; sourceTree = "<group>"; };
		E938F5792ACDFF4D0049874E /* ProfileView.swift */ = {isa = PBXFileReference; lastKnownFileType = sourcecode.swift; path = ProfileView.swift; sourceTree = "<group>"; };
		E938F5C02AD470F20049874E /* HomeFeedView.swift */ = {isa = PBXFileReference; lastKnownFileType = sourcecode.swift; path = HomeFeedView.swift; sourceTree = "<group>"; };
		E938F5C22AD470FD0049874E /* HomePresenceView.swift */ = {isa = PBXFileReference; lastKnownFileType = sourcecode.swift; path = HomePresenceView.swift; sourceTree = "<group>"; };
		E938F5C82AD486DD0049874E /* Profile+CoreDataClass.swift */ = {isa = PBXFileReference; lastKnownFileType = sourcecode.swift; path = "Profile+CoreDataClass.swift"; sourceTree = "<group>"; };
		E938F5C92AD486DD0049874E /* Profile+CoreDataProperties.swift */ = {isa = PBXFileReference; lastKnownFileType = sourcecode.swift; path = "Profile+CoreDataProperties.swift"; sourceTree = "<group>"; };
		E938F5CC2AD499990049874E /* SegmentedControlView.swift */ = {isa = PBXFileReference; lastKnownFileType = sourcecode.swift; path = SegmentedControlView.swift; sourceTree = "<group>"; };
		E938F5CE2AD499C50049874E /* UnderlineView.swift */ = {isa = PBXFileReference; lastKnownFileType = sourcecode.swift; path = UnderlineView.swift; sourceTree = "<group>"; };
		E938F5D02AD499E40049874E /* ReacPreferenceKey.swift */ = {isa = PBXFileReference; lastKnownFileType = sourcecode.swift; path = ReacPreferenceKey.swift; sourceTree = "<group>"; };
		E939209E2AC5FC1700E74361 /* CoreDataModel.xcdatamodel */ = {isa = PBXFileReference; lastKnownFileType = wrapper.xcdatamodel; path = CoreDataModel.xcdatamodel; sourceTree = "<group>"; };
		E93920A02AC5FD2200E74361 /* CoreDataController.swift */ = {isa = PBXFileReference; lastKnownFileType = sourcecode.swift; path = CoreDataController.swift; sourceTree = "<group>"; };
		E94EA1282AC36C4F003D5DB8 /* EventModel.swift */ = {isa = PBXFileReference; lastKnownFileType = sourcecode.swift; path = EventModel.swift; sourceTree = "<group>"; };
		E94EA12A2AC36D0C003D5DB8 /* EventCRU.swift */ = {isa = PBXFileReference; lastKnownFileType = sourcecode.swift; path = EventCRU.swift; sourceTree = "<group>"; };
		E94EA12C2AC4C126003D5DB8 /* EventPostView.swift */ = {isa = PBXFileReference; lastKnownFileType = sourcecode.swift; path = EventPostView.swift; sourceTree = "<group>"; };
		E9D397232ABA3940002202F0 /* ViewModel.swift */ = {isa = PBXFileReference; lastKnownFileType = sourcecode.swift; path = ViewModel.swift; sourceTree = "<group>"; };
		E9E726192A9551C800D63EDF /* MiniC02.app */ = {isa = PBXFileReference; explicitFileType = wrapper.application; includeInIndex = 0; path = MiniC02.app; sourceTree = BUILT_PRODUCTS_DIR; };
		E9E7261C2A9551C800D63EDF /* MiniC02App.swift */ = {isa = PBXFileReference; lastKnownFileType = sourcecode.swift; path = MiniC02App.swift; sourceTree = "<group>"; };
		E9E7261E2A9551C800D63EDF /* ContentView.swift */ = {isa = PBXFileReference; lastKnownFileType = sourcecode.swift; path = ContentView.swift; sourceTree = "<group>"; };
		E9E726202A9551C800D63EDF /* Assets.xcassets */ = {isa = PBXFileReference; lastKnownFileType = folder.assetcatalog; path = Assets.xcassets; sourceTree = "<group>"; };
		E9E726232A9551C800D63EDF /* Preview Assets.xcassets */ = {isa = PBXFileReference; lastKnownFileType = folder.assetcatalog; path = "Preview Assets.xcassets"; sourceTree = "<group>"; };
/* End PBXFileReference section */

/* Begin PBXFrameworksBuildPhase section */
		E9E726162A9551C800D63EDF /* Frameworks */ = {
			isa = PBXFrameworksBuildPhase;
			buildActionMask = 2147483647;
			files = (
				E938F5D42AD5CB550049874E /* Aptabase in Frameworks */,
			);
			runOnlyForDeploymentPostprocessing = 0;
		};
/* End PBXFrameworksBuildPhase section */

/* Begin PBXGroup section */
		1995B7212ACCA5B700908B4B /* Fonts */ = {
			isa = PBXGroup;
			children = (
				1995B7222ACCA5C500908B4B /* SF-Pro.ttf */,
			);
			path = Fonts;
			sourceTree = "<group>";
		};
		19D367342AC5F8A600F0D926 /* Style */ = {
			isa = PBXGroup;
			children = (
				E938F5712ACB5C180049874E /* PlainButtonStyle.swift */,
				B4B8A3B42ACF563F001CFFE0 /* DisclosureGroupImageStyle.swift */,
				19F0B5B92ACF46F80097E283 /* PlainTagStyle.swift */,
			);
			path = Style;
			sourceTree = "<group>";
		};
		B4A2A6C42ABA36FF002C4115 /* Views */ = {
			isa = PBXGroup;
			children = (
				B4A2A6C72ABA3748002C4115 /* HomeView.swift */,
				E938F5CC2AD499990049874E /* SegmentedControlView.swift */,
				E938F5CE2AD499C50049874E /* UnderlineView.swift */,
				E938F5D02AD499E40049874E /* ReacPreferenceKey.swift */,
				E938F5C02AD470F20049874E /* HomeFeedView.swift */,
				E938F5C22AD470FD0049874E /* HomePresenceView.swift */,
				E938F5792ACDFF4D0049874E /* ProfileView.swift */,
				B4A2A6C52ABA3740002C4115 /* EventView.swift */,
				E94EA12C2AC4C126003D5DB8 /* EventPostView.swift */,
				E92953062AD733D5006D57F6 /* ImagePickSheetView.swift */,
				1952496B2AC606BD003D986A /* TutorialView.swift */,
				1995B7172AC7436200908B4B /* CadastroView.swift */,
				1995B7292ACCC0D400908B4B /* TagView.swift */,
				1995B72B2ACCC6EE00908B4B /* AcessibilityTagInformationView.swift */,
			);
			path = Views;
			sourceTree = "<group>";
		};
		B4A2A6C92ABA3FE3002C4115 /* Components */ = {
			isa = PBXGroup;
			children = (
				B4A2A6CA2ABA3FFF002C4115 /* PostCard.swift */,
				E938F5732ACB5FB50049874E /* EventCard.swift */,
				B40309452ACE00EF00014998 /* TagInfoItem.swift */,
				19F0B5BB2AD088E90097E283 /* TagButtonView.swift */,
				19F0B5BD2AD479B20097E283 /* IndexCircles.swift */,
			);
			path = Components;
			sourceTree = "<group>";
		};
		B4B8A3B82AD4718D001CFFE0 /* Enums */ = {
			isa = PBXGroup;
			children = (
				B4B8A3B92AD471BD001CFFE0 /* AcessibilityTagEnum.swift */,
			);
			path = Enums;
			sourceTree = "<group>";
		};
		E9D397252ABA395F002202F0 /* Models */ = {
			isa = PBXGroup;
			children = (
				E9D397232ABA3940002202F0 /* ViewModel.swift */,
				E94EA1282AC36C4F003D5DB8 /* EventModel.swift */,
				E94EA12A2AC36D0C003D5DB8 /* EventCRU.swift */,
			);
			name = Models;
			sourceTree = "<group>";
		};
		E9E726102A9551C800D63EDF = {
			isa = PBXGroup;
			children = (
				E938F5C82AD486DD0049874E /* Profile+CoreDataClass.swift */,
				E938F5C92AD486DD0049874E /* Profile+CoreDataProperties.swift */,
				E9E7261B2A9551C800D63EDF /* MiniC02 */,
				E9E7261A2A9551C800D63EDF /* Products */,
			);
			sourceTree = "<group>";
		};
		E9E7261A2A9551C800D63EDF /* Products */ = {
			isa = PBXGroup;
			children = (
				E9E726192A9551C800D63EDF /* MiniC02.app */,
			);
			name = Products;
			sourceTree = "<group>";
		};
		E9E7261B2A9551C800D63EDF /* MiniC02 */ = {
			isa = PBXGroup;
			children = (
				B4B8A3B82AD4718D001CFFE0 /* Enums */,
				1995B7262ACCA70200908B4B /* Info.plist */,
				1995B7212ACCA5B700908B4B /* Fonts */,
				E9E7261C2A9551C800D63EDF /* MiniC02App.swift */,
				E9E7261E2A9551C800D63EDF /* ContentView.swift */,
				E939209D2AC5FC1700E74361 /* CoreDataModel.xcdatamodeld */,
				E93920A02AC5FD2200E74361 /* CoreDataController.swift */,
				19D367342AC5F8A600F0D926 /* Style */,
				B4A2A6C92ABA3FE3002C4115 /* Components */,
				B4A2A6C42ABA36FF002C4115 /* Views */,
				E9D397252ABA395F002202F0 /* Models */,
				E9E726202A9551C800D63EDF /* Assets.xcassets */,
				E9E726222A9551C800D63EDF /* Preview Content */,
			);
			path = MiniC02;
			sourceTree = "<group>";
		};
		E9E726222A9551C800D63EDF /* Preview Content */ = {
			isa = PBXGroup;
			children = (
				E9E726232A9551C800D63EDF /* Preview Assets.xcassets */,
			);
			path = "Preview Content";
			sourceTree = "<group>";
		};
/* End PBXGroup section */

/* Begin PBXNativeTarget section */
		E9E726182A9551C800D63EDF /* MiniC02 */ = {
			isa = PBXNativeTarget;
			buildConfigurationList = E9E726272A9551C800D63EDF /* Build configuration list for PBXNativeTarget "MiniC02" */;
			buildPhases = (
				E9E726152A9551C800D63EDF /* Sources */,
				E9E726162A9551C800D63EDF /* Frameworks */,
				E9E726172A9551C800D63EDF /* Resources */,
			);
			buildRules = (
			);
			dependencies = (
			);
			name = MiniC02;
			packageProductDependencies = (
				E938F5D32AD5CB550049874E /* Aptabase */,
			);
			productName = MiniC02;
			productReference = E9E726192A9551C800D63EDF /* MiniC02.app */;
			productType = "com.apple.product-type.application";
		};
/* End PBXNativeTarget section */

/* Begin PBXProject section */
		E9E726112A9551C800D63EDF /* Project object */ = {
			isa = PBXProject;
			attributes = {
				BuildIndependentTargetsInParallel = 1;
				LastSwiftUpdateCheck = 1430;
				LastUpgradeCheck = 1500;
				TargetAttributes = {
					E9E726182A9551C800D63EDF = {
						CreatedOnToolsVersion = 14.3.1;
					};
				};
			};
			buildConfigurationList = E9E726142A9551C800D63EDF /* Build configuration list for PBXProject "MiniC02" */;
			compatibilityVersion = "Xcode 14.0";
			developmentRegion = en;
			hasScannedForEncodings = 0;
			knownRegions = (
				en,
				Base,
			);
			mainGroup = E9E726102A9551C800D63EDF;
			packageReferences = (
				E938F5D22AD5CB550049874E /* XCRemoteSwiftPackageReference "aptabase-swift" */,
			);
			productRefGroup = E9E7261A2A9551C800D63EDF /* Products */;
			projectDirPath = "";
			projectRoot = "";
			targets = (
				E9E726182A9551C800D63EDF /* MiniC02 */,
			);
		};
/* End PBXProject section */

/* Begin PBXResourcesBuildPhase section */
		E9E726172A9551C800D63EDF /* Resources */ = {
			isa = PBXResourcesBuildPhase;
			buildActionMask = 2147483647;
			files = (
				E9E726242A9551C800D63EDF /* Preview Assets.xcassets in Resources */,
				1995B7232ACCA5C500908B4B /* SF-Pro.ttf in Resources */,
				E9E726212A9551C800D63EDF /* Assets.xcassets in Resources */,
			);
			runOnlyForDeploymentPostprocessing = 0;
		};
/* End PBXResourcesBuildPhase section */

/* Begin PBXSourcesBuildPhase section */
		E9E726152A9551C800D63EDF /* Sources */ = {
			isa = PBXSourcesBuildPhase;
			buildActionMask = 2147483647;
			files = (
				19F0B5BA2ACF46F80097E283 /* PlainTagStyle.swift in Sources */,
				E92953072AD733D5006D57F6 /* ImagePickSheetView.swift in Sources */,
				E938F5CA2AD486DD0049874E /* Profile+CoreDataClass.swift in Sources */,
				1952496C2AC606BD003D986A /* TutorialView.swift in Sources */,
				E9D397242ABA3940002202F0 /* ViewModel.swift in Sources */,
				B4B8A3BA2AD471BD001CFFE0 /* AcessibilityTagEnum.swift in Sources */,
				E93920A12AC5FD2200E74361 /* CoreDataController.swift in Sources */,
				E94EA1292AC36C4F003D5DB8 /* EventModel.swift in Sources */,
				E9E7261F2A9551C800D63EDF /* ContentView.swift in Sources */,
				E938F5CB2AD486DD0049874E /* Profile+CoreDataProperties.swift in Sources */,
				B4A2A6CB2ABA3FFF002C4115 /* PostCard.swift in Sources */,
				1995B7182AC7436200908B4B /* CadastroView.swift in Sources */,
				B4A2A6C82ABA3748002C4115 /* HomeView.swift in Sources */,
				E938F5722ACB5C180049874E /* PlainButtonStyle.swift in Sources */,
				1995B72A2ACCC0D500908B4B /* TagView.swift in Sources */,
				B4B8A3B52ACF563F001CFFE0 /* DisclosureGroupImageStyle.swift in Sources */,
				E938F5C32AD470FD0049874E /* HomePresenceView.swift in Sources */,
				B40309462ACE00EF00014998 /* TagInfoItem.swift in Sources */,
				E94EA12D2AC4C126003D5DB8 /* EventPostView.swift in Sources */,
				E938F57A2ACDFF4D0049874E /* ProfileView.swift in Sources */,
				19F0B5BC2AD088E90097E283 /* TagButtonView.swift in Sources */,
				B4A2A6C62ABA3740002C4115 /* EventView.swift in Sources */,
				E938F5CD2AD499990049874E /* SegmentedControlView.swift in Sources */,
				E938F5CF2AD499C50049874E /* UnderlineView.swift in Sources */,
				E938F5D12AD499E40049874E /* ReacPreferenceKey.swift in Sources */,
				1995B72C2ACCC6EE00908B4B /* AcessibilityTagInformationView.swift in Sources */,
				1995B72C2ACCC6EE00908B4B /* AcessibilityTagInformationView.swift in Sources */,
				19F0B5BE2AD479B20097E283 /* IndexCircles.swift in Sources */,
				1995B72C2ACCC6EE00908B4B /* AcessibilityTagInformationView.swift in Sources */,
				E938F5742ACB5FB50049874E /* EventCard.swift in Sources */,
				E938F5C12AD470F20049874E /* HomeFeedView.swift in Sources */,
				E94EA12B2AC36D0C003D5DB8 /* EventCRU.swift in Sources */,
				E939209F2AC5FC1700E74361 /* CoreDataModel.xcdatamodeld in Sources */,
				E9E7261D2A9551C800D63EDF /* MiniC02App.swift in Sources */,
			);
			runOnlyForDeploymentPostprocessing = 0;
		};
/* End PBXSourcesBuildPhase section */

/* Begin XCBuildConfiguration section */
		E9E726252A9551C800D63EDF /* Debug */ = {
			isa = XCBuildConfiguration;
			buildSettings = {
				ALWAYS_SEARCH_USER_PATHS = NO;
				CLANG_ANALYZER_NONNULL = YES;
				CLANG_ANALYZER_NUMBER_OBJECT_CONVERSION = YES_AGGRESSIVE;
				CLANG_CXX_LANGUAGE_STANDARD = "gnu++20";
				CLANG_ENABLE_MODULES = YES;
				CLANG_ENABLE_OBJC_ARC = YES;
				CLANG_ENABLE_OBJC_WEAK = YES;
				CLANG_WARN_BLOCK_CAPTURE_AUTORELEASING = YES;
				CLANG_WARN_BOOL_CONVERSION = YES;
				CLANG_WARN_COMMA = YES;
				CLANG_WARN_CONSTANT_CONVERSION = YES;
				CLANG_WARN_DEPRECATED_OBJC_IMPLEMENTATIONS = YES;
				CLANG_WARN_DIRECT_OBJC_ISA_USAGE = YES_ERROR;
				CLANG_WARN_DOCUMENTATION_COMMENTS = YES;
				CLANG_WARN_EMPTY_BODY = YES;
				CLANG_WARN_ENUM_CONVERSION = YES;
				CLANG_WARN_INFINITE_RECURSION = YES;
				CLANG_WARN_INT_CONVERSION = YES;
				CLANG_WARN_NON_LITERAL_NULL_CONVERSION = YES;
				CLANG_WARN_OBJC_IMPLICIT_RETAIN_SELF = YES;
				CLANG_WARN_OBJC_LITERAL_CONVERSION = YES;
				CLANG_WARN_OBJC_ROOT_CLASS = YES_ERROR;
				CLANG_WARN_QUOTED_INCLUDE_IN_FRAMEWORK_HEADER = YES;
				CLANG_WARN_RANGE_LOOP_ANALYSIS = YES;
				CLANG_WARN_STRICT_PROTOTYPES = YES;
				CLANG_WARN_SUSPICIOUS_MOVE = YES;
				CLANG_WARN_UNGUARDED_AVAILABILITY = YES_AGGRESSIVE;
				CLANG_WARN_UNREACHABLE_CODE = YES;
				CLANG_WARN__DUPLICATE_METHOD_MATCH = YES;
				COPY_PHASE_STRIP = NO;
				DEBUG_INFORMATION_FORMAT = dwarf;
				ENABLE_STRICT_OBJC_MSGSEND = YES;
				ENABLE_TESTABILITY = YES;
				ENABLE_USER_SCRIPT_SANDBOXING = YES;
				GCC_C_LANGUAGE_STANDARD = gnu11;
				GCC_DYNAMIC_NO_PIC = NO;
				GCC_NO_COMMON_BLOCKS = YES;
				GCC_OPTIMIZATION_LEVEL = 0;
				GCC_PREPROCESSOR_DEFINITIONS = (
					"DEBUG=1",
					"$(inherited)",
				);
				GCC_WARN_64_TO_32_BIT_CONVERSION = YES;
				GCC_WARN_ABOUT_RETURN_TYPE = YES_ERROR;
				GCC_WARN_UNDECLARED_SELECTOR = YES;
				GCC_WARN_UNINITIALIZED_AUTOS = YES_AGGRESSIVE;
				GCC_WARN_UNUSED_FUNCTION = YES;
				GCC_WARN_UNUSED_VARIABLE = YES;
				IPHONEOS_DEPLOYMENT_TARGET = 16.4;
				MTL_ENABLE_DEBUG_INFO = INCLUDE_SOURCE;
				MTL_FAST_MATH = YES;
				ONLY_ACTIVE_ARCH = YES;
				SDKROOT = iphoneos;
				SWIFT_ACTIVE_COMPILATION_CONDITIONS = DEBUG;
				SWIFT_OPTIMIZATION_LEVEL = "-Onone";
			};
			name = Debug;
		};
		E9E726262A9551C800D63EDF /* Release */ = {
			isa = XCBuildConfiguration;
			buildSettings = {
				ALWAYS_SEARCH_USER_PATHS = NO;
				CLANG_ANALYZER_NONNULL = YES;
				CLANG_ANALYZER_NUMBER_OBJECT_CONVERSION = YES_AGGRESSIVE;
				CLANG_CXX_LANGUAGE_STANDARD = "gnu++20";
				CLANG_ENABLE_MODULES = YES;
				CLANG_ENABLE_OBJC_ARC = YES;
				CLANG_ENABLE_OBJC_WEAK = YES;
				CLANG_WARN_BLOCK_CAPTURE_AUTORELEASING = YES;
				CLANG_WARN_BOOL_CONVERSION = YES;
				CLANG_WARN_COMMA = YES;
				CLANG_WARN_CONSTANT_CONVERSION = YES;
				CLANG_WARN_DEPRECATED_OBJC_IMPLEMENTATIONS = YES;
				CLANG_WARN_DIRECT_OBJC_ISA_USAGE = YES_ERROR;
				CLANG_WARN_DOCUMENTATION_COMMENTS = YES;
				CLANG_WARN_EMPTY_BODY = YES;
				CLANG_WARN_ENUM_CONVERSION = YES;
				CLANG_WARN_INFINITE_RECURSION = YES;
				CLANG_WARN_INT_CONVERSION = YES;
				CLANG_WARN_NON_LITERAL_NULL_CONVERSION = YES;
				CLANG_WARN_OBJC_IMPLICIT_RETAIN_SELF = YES;
				CLANG_WARN_OBJC_LITERAL_CONVERSION = YES;
				CLANG_WARN_OBJC_ROOT_CLASS = YES_ERROR;
				CLANG_WARN_QUOTED_INCLUDE_IN_FRAMEWORK_HEADER = YES;
				CLANG_WARN_RANGE_LOOP_ANALYSIS = YES;
				CLANG_WARN_STRICT_PROTOTYPES = YES;
				CLANG_WARN_SUSPICIOUS_MOVE = YES;
				CLANG_WARN_UNGUARDED_AVAILABILITY = YES_AGGRESSIVE;
				CLANG_WARN_UNREACHABLE_CODE = YES;
				CLANG_WARN__DUPLICATE_METHOD_MATCH = YES;
				COPY_PHASE_STRIP = NO;
				DEBUG_INFORMATION_FORMAT = "dwarf-with-dsym";
				ENABLE_NS_ASSERTIONS = NO;
				ENABLE_STRICT_OBJC_MSGSEND = YES;
				ENABLE_USER_SCRIPT_SANDBOXING = YES;
				GCC_C_LANGUAGE_STANDARD = gnu11;
				GCC_NO_COMMON_BLOCKS = YES;
				GCC_WARN_64_TO_32_BIT_CONVERSION = YES;
				GCC_WARN_ABOUT_RETURN_TYPE = YES_ERROR;
				GCC_WARN_UNDECLARED_SELECTOR = YES;
				GCC_WARN_UNINITIALIZED_AUTOS = YES_AGGRESSIVE;
				GCC_WARN_UNUSED_FUNCTION = YES;
				GCC_WARN_UNUSED_VARIABLE = YES;
				IPHONEOS_DEPLOYMENT_TARGET = 16.4;
				MTL_ENABLE_DEBUG_INFO = NO;
				MTL_FAST_MATH = YES;
				SDKROOT = iphoneos;
				SWIFT_COMPILATION_MODE = wholemodule;
				SWIFT_OPTIMIZATION_LEVEL = "-O";
				VALIDATE_PRODUCT = YES;
			};
			name = Release;
		};
		E9E726282A9551C800D63EDF /* Debug */ = {
			isa = XCBuildConfiguration;
			buildSettings = {
				ASSETCATALOG_COMPILER_APPICON_NAME = AppIcon;
				ASSETCATALOG_COMPILER_GLOBAL_ACCENT_COLOR_NAME = AccentColor;
				CODE_SIGN_STYLE = Automatic;
				CURRENT_PROJECT_VERSION = 1;
				DEVELOPMENT_ASSET_PATHS = "\"MiniC02/Preview Content\"";
				DEVELOPMENT_TEAM = YHC26T5B2D;
				ENABLE_PREVIEWS = YES;
				GENERATE_INFOPLIST_FILE = YES;
				INFOPLIST_FILE = MiniC02/Info.plist;
				INFOPLIST_KEY_CFBundleDisplayName = Sinale;
				INFOPLIST_KEY_LSApplicationCategoryType = "";
				INFOPLIST_KEY_UIApplicationSceneManifest_Generation = YES;
				INFOPLIST_KEY_UIApplicationSupportsIndirectInputEvents = YES;
				INFOPLIST_KEY_UILaunchScreen_Generation = YES;
				INFOPLIST_KEY_UISupportedInterfaceOrientations = UIInterfaceOrientationPortrait;
				INFOPLIST_KEY_UISupportedInterfaceOrientations_iPad = "UIInterfaceOrientationLandscapeLeft UIInterfaceOrientationLandscapeRight UIInterfaceOrientationPortrait UIInterfaceOrientationPortraitUpsideDown";
				LD_RUNPATH_SEARCH_PATHS = (
					"$(inherited)",
					"@executable_path/Frameworks",
				);
				MARKETING_VERSION = 1.0;
				PRODUCT_BUNDLE_IDENTIFIER = com.Testing.MiniC02010;
				PRODUCT_NAME = "$(TARGET_NAME)";
				SUPPORTED_PLATFORMS = "iphoneos iphonesimulator";
				SUPPORTS_MACCATALYST = NO;
				SUPPORTS_MAC_DESIGNED_FOR_IPHONE_IPAD = NO;
				SWIFT_EMIT_LOC_STRINGS = YES;
				SWIFT_VERSION = 5.0;
				TARGETED_DEVICE_FAMILY = 1;
			};
			name = Debug;
		};
		E9E726292A9551C800D63EDF /* Release */ = {
			isa = XCBuildConfiguration;
			buildSettings = {
				ASSETCATALOG_COMPILER_APPICON_NAME = AppIcon;
				ASSETCATALOG_COMPILER_GLOBAL_ACCENT_COLOR_NAME = AccentColor;
				CODE_SIGN_STYLE = Automatic;
				CURRENT_PROJECT_VERSION = 1;
				DEVELOPMENT_ASSET_PATHS = "\"MiniC02/Preview Content\"";
				DEVELOPMENT_TEAM = YHC26T5B2D;
				ENABLE_PREVIEWS = YES;
				GENERATE_INFOPLIST_FILE = YES;
				INFOPLIST_FILE = MiniC02/Info.plist;
				INFOPLIST_KEY_CFBundleDisplayName = Sinale;
				INFOPLIST_KEY_LSApplicationCategoryType = "";
				INFOPLIST_KEY_UIApplicationSceneManifest_Generation = YES;
				INFOPLIST_KEY_UIApplicationSupportsIndirectInputEvents = YES;
				INFOPLIST_KEY_UILaunchScreen_Generation = YES;
				INFOPLIST_KEY_UISupportedInterfaceOrientations = UIInterfaceOrientationPortrait;
				INFOPLIST_KEY_UISupportedInterfaceOrientations_iPad = "UIInterfaceOrientationLandscapeLeft UIInterfaceOrientationLandscapeRight UIInterfaceOrientationPortrait UIInterfaceOrientationPortraitUpsideDown";
				LD_RUNPATH_SEARCH_PATHS = (
					"$(inherited)",
					"@executable_path/Frameworks",
				);
				MARKETING_VERSION = 1.0;
				PRODUCT_BUNDLE_IDENTIFIER = com.Testing.MiniC02010;
				PRODUCT_NAME = "$(TARGET_NAME)";
				SUPPORTED_PLATFORMS = "iphoneos iphonesimulator";
				SUPPORTS_MACCATALYST = NO;
				SUPPORTS_MAC_DESIGNED_FOR_IPHONE_IPAD = NO;
				SWIFT_EMIT_LOC_STRINGS = YES;
				SWIFT_VERSION = 5.0;
				TARGETED_DEVICE_FAMILY = 1;
			};
			name = Release;
		};
/* End XCBuildConfiguration section */

/* Begin XCConfigurationList section */
		E9E726142A9551C800D63EDF /* Build configuration list for PBXProject "MiniC02" */ = {
			isa = XCConfigurationList;
			buildConfigurations = (
				E9E726252A9551C800D63EDF /* Debug */,
				E9E726262A9551C800D63EDF /* Release */,
			);
			defaultConfigurationIsVisible = 0;
			defaultConfigurationName = Release;
		};
		E9E726272A9551C800D63EDF /* Build configuration list for PBXNativeTarget "MiniC02" */ = {
			isa = XCConfigurationList;
			buildConfigurations = (
				E9E726282A9551C800D63EDF /* Debug */,
				E9E726292A9551C800D63EDF /* Release */,
			);
			defaultConfigurationIsVisible = 0;
			defaultConfigurationName = Release;
		};
/* End XCConfigurationList section */

/* Begin XCRemoteSwiftPackageReference section */
		E938F5D22AD5CB550049874E /* XCRemoteSwiftPackageReference "aptabase-swift" */ = {
			isa = XCRemoteSwiftPackageReference;
			repositoryURL = "https://github.com/aptabase/aptabase-swift.git";
			requirement = {
				kind = upToNextMajorVersion;
				minimumVersion = 0.3.3;
			};
		};
/* End XCRemoteSwiftPackageReference section */

/* Begin XCSwiftPackageProductDependency section */
		E938F5D32AD5CB550049874E /* Aptabase */ = {
			isa = XCSwiftPackageProductDependency;
			package = E938F5D22AD5CB550049874E /* XCRemoteSwiftPackageReference "aptabase-swift" */;
			productName = Aptabase;
		};
/* End XCSwiftPackageProductDependency section */

/* Begin XCVersionGroup section */
		E939209D2AC5FC1700E74361 /* CoreDataModel.xcdatamodeld */ = {
			isa = XCVersionGroup;
			children = (
				E939209E2AC5FC1700E74361 /* CoreDataModel.xcdatamodel */,
			);
			currentVersion = E939209E2AC5FC1700E74361 /* CoreDataModel.xcdatamodel */;
			path = CoreDataModel.xcdatamodeld;
			sourceTree = "<group>";
			versionGroupType = wrapper.xcdatamodel;
		};
/* End XCVersionGroup section */
	};
	rootObject = E9E726112A9551C800D63EDF /* Project object */;
}
